
Microsoft Visual Studio Solution File, Format Version 12.00
# Visual Studio 2013
VisualStudioVersion = 12.0.31101.0
MinimumVisualStudioVersion = 10.0.40219.1
Project("{FAE04EC0-301F-11D3-BF4B-00C04F79EFBC}") = "GetSlides.APP", "GetSlides.APP\GetSlides.APP.csproj", "{A04B5352-AF41-4812-A1D8-F74677E4C505}"
EndProject
Project("{FAE04EC0-301F-11D3-BF4B-00C04F79EFBC}") = "GetSlides.DL", "GetSlides.DL\GetSlides.DL.csproj", "{A24ED55C-7F07-4DB4-BB44-D935D63DC17A}"
EndProject
Global
	GlobalSection(SolutionConfigurationPlatforms) = preSolution
		Debug|Any CPU = Debug|Any CPU
		Release|Any CPU = Release|Any CPU
	EndGlobalSection
	GlobalSection(ProjectConfigurationPlatforms) = postSolution
		{A04B5352-AF41-4812-A1D8-F74677E4C505}.Debug|Any CPU.ActiveCfg = Debug|Any CPU
		{A04B5352-AF41-4812-A1D8-F74677E4C505}.Debug|Any CPU.Build.0 = Debug|Any CPU
		{A04B5352-AF41-4812-A1D8-F74677E4C505}.Release|Any CPU.ActiveCfg = Release|Any CPU
		{A04B5352-AF41-4812-A1D8-F74677E4C505}.Release|Any CPU.Build.0 = Release|Any CPU
		{A24ED55C-7F07-4DB4-BB44-D935D63DC17A}.Debug|Any CPU.ActiveCfg = Debug|Any CPU
		{A24ED55C-7F07-4DB4-BB44-D935D63DC17A}.Debug|Any CPU.Build.0 = Debug|Any CPU
		{A24ED55C-7F07-4DB4-BB44-D935D63DC17A}.Release|Any CPU.ActiveCfg = Release|Any CPU
		{A24ED55C-7F07-4DB4-BB44-D935D63DC17A}.Release|Any CPU.Build.0 = Release|Any CPU
	EndGlobalSection
	GlobalSection(SolutionProperties) = preSolution
		HideSolutionNode = FALSE
	EndGlobalSection
EndGlobal
